
Microsoft Visual Studio Solution File, Format Version 12.00
# Visual Studio 14
VisualStudioVersion = 14.0.25420.1
MinimumVisualStudioVersion = 10.0.40219.1
Project("{FAE04EC0-301F-11D3-BF4B-00C04F79EFBC}") = "MyMvc", "MyMvc\MyMvc.csproj", "{CE2D86A8-934B-4B45-B52E-7C09FE6EAE8B}"
EndProject
Project("{FAE04EC0-301F-11D3-BF4B-00C04F79EFBC}") = "UI", "UI\UI.csproj", "{DFB9EFCA-8B7B-4F3C-9E4D-6702E44608AA}"
EndProject
Project("{FAE04EC0-301F-11D3-BF4B-00C04F79EFBC}") = "Test", "Test\Test.csproj", "{EF84F986-FAC1-4B91-A125-13C5164F5270}"
EndProject
Global
	GlobalSection(SolutionConfigurationPlatforms) = preSolution
		Debug|Any CPU = Debug|Any CPU
		Release|Any CPU = Release|Any CPU
	EndGlobalSection
	GlobalSection(ProjectConfigurationPlatforms) = postSolution
		{CE2D86A8-934B-4B45-B52E-7C09FE6EAE8B}.Debug|Any CPU.ActiveCfg = Debug|Any CPU
		{CE2D86A8-934B-4B45-B52E-7C09FE6EAE8B}.Debug|Any CPU.Build.0 = Debug|Any CPU
		{CE2D86A8-934B-4B45-B52E-7C09FE6EAE8B}.Release|Any CPU.ActiveCfg = Release|Any CPU
		{CE2D86A8-934B-4B45-B52E-7C09FE6EAE8B}.Release|Any CPU.Build.0 = Release|Any CPU
		{DFB9EFCA-8B7B-4F3C-9E4D-6702E44608AA}.Debug|Any CPU.ActiveCfg = Debug|Any CPU
		{DFB9EFCA-8B7B-4F3C-9E4D-6702E44608AA}.Debug|Any CPU.Build.0 = Debug|Any CPU
		{DFB9EFCA-8B7B-4F3C-9E4D-6702E44608AA}.Release|Any CPU.ActiveCfg = Release|Any CPU
		{DFB9EFCA-8B7B-4F3C-9E4D-6702E44608AA}.Release|Any CPU.Build.0 = Release|Any CPU
		{EF84F986-FAC1-4B91-A125-13C5164F5270}.Debug|Any CPU.ActiveCfg = Debug|Any CPU
		{EF84F986-FAC1-4B91-A125-13C5164F5270}.Debug|Any CPU.Build.0 = Debug|Any CPU
		{EF84F986-FAC1-4B91-A125-13C5164F5270}.Release|Any CPU.ActiveCfg = Release|Any CPU
		{EF84F986-FAC1-4B91-A125-13C5164F5270}.Release|Any CPU.Build.0 = Release|Any CPU
	EndGlobalSection
	GlobalSection(SolutionProperties) = preSolution
		HideSolutionNode = FALSE
	EndGlobalSection
EndGlobal
